
Microsoft Visual Studio Solution File, Format Version 12.00
# Visual Studio Version 17
VisualStudioVersion = 17.5.33627.172
MinimumVisualStudioVersion = 10.0.40219.1
Project("{FAE04EC0-301F-11D3-BF4B-00C04F79EFBC}") = "L3TrigMathsProcessTEMP", "L3TrigMathsProcessTEMP.csproj", "{EE6EDEB7-D2C9-40DF-A802-0D7766CFB4C7}"
EndProject
Global
	GlobalSection(SolutionConfigurationPlatforms) = preSolution
		Debug|Any CPU = Debug|Any CPU
		Release|Any CPU = Release|Any CPU
	EndGlobalSection
	GlobalSection(ProjectConfigurationPlatforms) = postSolution
		{EE6EDEB7-D2C9-40DF-A802-0D7766CFB4C7}.Debug|Any CPU.ActiveCfg = Debug|Any CPU
		{EE6EDEB7-D2C9-40DF-A802-0D7766CFB4C7}.Debug|Any CPU.Build.0 = Debug|Any CPU
		{EE6EDEB7-D2C9-40DF-A802-0D7766CFB4C7}.Release|Any CPU.ActiveCfg = Release|Any CPU
		{EE6EDEB7-D2C9-40DF-A802-0D7766CFB4C7}.Release|Any CPU.Build.0 = Release|Any CPU
	EndGlobalSection
	GlobalSection(SolutionProperties) = preSolution
		HideSolutionNode = FALSE
	EndGlobalSection
	GlobalSection(ExtensibilityGlobals) = postSolution
		SolutionGuid = {6053D09C-BFD5-4228-8D93-AA546E432ECC}
	EndGlobalSection
EndGlobal
